// !$*UTF8*$!
{
	archiveVersion = 1;
	classes = {
	};
	objectVersion = 46;
	objects = {

/* Begin PBXBuildFile section */
		EDF82BB91D1C15430051F1DA /* AppDelegate.swift in Sources */ = {isa = PBXBuildFile; fileRef = EDF82BB81D1C15430051F1DA /* AppDelegate.swift */; };
		EDF82BBB1D1C15430051F1DA /* ViewController.swift in Sources */ = {isa = PBXBuildFile; fileRef = EDF82BBA1D1C15430051F1DA /* ViewController.swift */; };
		EDF82BBE1D1C15430051F1DA /* Main.storyboard in Resources */ = {isa = PBXBuildFile; fileRef = EDF82BBC1D1C15430051F1DA /* Main.storyboard */; };
		EDF82BC01D1C15430051F1DA /* Assets.xcassets in Resources */ = {isa = PBXBuildFile; fileRef = EDF82BBF1D1C15430051F1DA /* Assets.xcassets */; };
		EDF82BC31D1C15430051F1DA /* LaunchScreen.storyboard in Resources */ = {isa = PBXBuildFile; fileRef = EDF82BC11D1C15430051F1DA /* LaunchScreen.storyboard */; };
		EDF82BCE1D1C15440051F1DA /* StrutsProblemTests.swift in Sources */ = {isa = PBXBuildFile; fileRef = EDF82BCD1D1C15440051F1DA /* StrutsProblemTests.swift */; };
		EDF82BD91D1C15440051F1DA /* StrutsProblemUITests.swift in Sources */ = {isa = PBXBuildFile; fileRef = EDF82BD81D1C15440051F1DA /* StrutsProblemUITests.swift */; };
/* End PBXBuildFile section */

/* Begin PBXContainerItemProxy section */
		EDF82BCA1D1C15440051F1DA /* PBXContainerItemProxy */ = {
			isa = PBXContainerItemProxy;
			containerPortal = EDF82BAD1D1C15430051F1DA /* Project object */;
			proxyType = 1;
			remoteGlobalIDString = EDF82BB41D1C15430051F1DA;
			remoteInfo = StrutsProblem;
		};
		EDF82BD51D1C15440051F1DA /* PBXContainerItemProxy */ = {
			isa = PBXContainerItemProxy;
			containerPortal = EDF82BAD1D1C15430051F1DA /* Project object */;
			proxyType = 1;
			remoteGlobalIDString = EDF82BB41D1C15430051F1DA;
			remoteInfo = StrutsProblem;
		};
/* End PBXContainerItemProxy section */

/* Begin PBXFileReference section */
		EDF82BB51D1C15430051F1DA /* StrutsProblem.app */ = {isa = PBXFileReference; explicitFileType = wrapper.application; includeInIndex = 0; path = StrutsProblem.app; sourceTree = BUILT_PRODUCTS_DIR; };
		EDF82BB81D1C15430051F1DA /* AppDelegate.swift */ = {isa = PBXFileReference; lastKnownFileType = sourcecode.swift; path = AppDelegate.swift; sourceTree = "<group>"; };
		EDF82BBA1D1C15430051F1DA /* ViewController.swift */ = {isa = PBXFileReference; lastKnownFileType = sourcecode.swift; path = ViewController.swift; sourceTree = "<group>"; };
		EDF82BBD1D1C15430051F1DA /* Base */ = {isa = PBXFileReference; lastKnownFileType = file.storyboard; name = Base; path = Base.lproj/Main.storyboard; sourceTree = "<group>"; };
		EDF82BBF1D1C15430051F1DA /* Assets.xcassets */ = {isa = PBXFileReference; lastKnownFileType = folder.assetcatalog; path = Assets.xcassets; sourceTree = "<group>"; };
		EDF82BC21D1C15430051F1DA /* Base */ = {isa = PBXFileReference; lastKnownFileType = file.storyboard; name = Base; path = Base.lproj/LaunchScreen.storyboard; sourceTree = "<group>"; };
		EDF82BC41D1C15430051F1DA /* Info.plist */ = {isa = PBXFileReference; lastKnownFileType = text.plist.xml; path = Info.plist; sourceTree = "<group>"; };
		EDF82BC91D1C15440051F1DA /* StrutsProblemTests.xctest */ = {isa = PBXFileReference; explicitFileType = wrapper.cfbundle; includeInIndex = 0; path = StrutsProblemTests.xctest; sourceTree = BUILT_PRODUCTS_DIR; };
		EDF82BCD1D1C15440051F1DA /* StrutsProblemTests.swift */ = {isa = PBXFileReference; lastKnownFileType = sourcecode.swift; path = StrutsProblemTests.swift; sourceTree = "<group>"; };
		EDF82BCF1D1C15440051F1DA /* Info.plist */ = {isa = PBXFileReference; lastKnownFileType = text.plist.xml; path = Info.plist; sourceTree = "<group>"; };
		EDF82BD41D1C15440051F1DA /* StrutsProblemUITests.xctest */ = {isa = PBXFileReference; explicitFileType = wrapper.cfbundle; includeInIndex = 0; path = StrutsProblemUITests.xctest; sourceTree = BUILT_PRODUCTS_DIR; };
		EDF82BD81D1C15440051F1DA /* StrutsProblemUITests.swift */ = {isa = PBXFileReference; lastKnownFileType = sourcecode.swift; path = StrutsProblemUITests.swift; sourceTree = "<group>"; };
		EDF82BDA1D1C15440051F1DA /* Info.plist */ = {isa = PBXFileReference; lastKnownFileType = text.plist.xml; path = Info.plist; sourceTree = "<group>"; };
/* End PBXFileReference section */

/* Begin PBXFrameworksBuildPhase section */
		EDF82BB21D1C15430051F1DA /* Frameworks */ = {
			isa = PBXFrameworksBuildPhase;
			buildActionMask = 2147483647;
			files = (
			);
			runOnlyForDeploymentPostprocessing = 0;
		};
		EDF82BC61D1C15440051F1DA /* Frameworks */ = {
			isa = PBXFrameworksBuildPhase;
			buildActionMask = 2147483647;
			files = (
			);
			runOnlyForDeploymentPostprocessing = 0;
		};
		EDF82BD11D1C15440051F1DA /* Frameworks */ = {
			isa = PBXFrameworksBuildPhase;
			buildActionMask = 2147483647;
			files = (
			);
			runOnlyForDeploymentPostprocessing = 0;
		};
/* End PBXFrameworksBuildPhase section */

/* Begin PBXGroup section */
		EDF82BAC1D1C15430051F1DA = {
			isa = PBXGroup;
			children = (
				EDF82BB71D1C15430051F1DA /* StrutsProblem */,
				EDF82BCC1D1C15440051F1DA /* StrutsProblemTests */,
				EDF82BD71D1C15440051F1DA /* StrutsProblemUITests */,
				EDF82BB61D1C15430051F1DA /* Products */,
			);
			sourceTree = "<group>";
		};
		EDF82BB61D1C15430051F1DA /* Products */ = {
			isa = PBXGroup;
			children = (
				EDF82BB51D1C15430051F1DA /* StrutsProblem.app */,
				EDF82BC91D1C15440051F1DA /* StrutsProblemTests.xctest */,
				EDF82BD41D1C15440051F1DA /* StrutsProblemUITests.xctest */,
			);
			name = Products;
			sourceTree = "<group>";
		};
		EDF82BB71D1C15430051F1DA /* StrutsProblem */ = {
			isa = PBXGroup;
			children = (
				EDF82BB81D1C15430051F1DA /* AppDelegate.swift */,
				EDF82BBA1D1C15430051F1DA /* ViewController.swift */,
				EDF82BBC1D1C15430051F1DA /* Main.storyboard */,
				EDF82BBF1D1C15430051F1DA /* Assets.xcassets */,
				EDF82BC11D1C15430051F1DA /* LaunchScreen.storyboard */,
				EDF82BC41D1C15430051F1DA /* Info.plist */,
			);
			path = StrutsProblem;
			sourceTree = "<group>";
		};
		EDF82BCC1D1C15440051F1DA /* StrutsProblemTests */ = {
			isa = PBXGroup;
			children = (
				EDF82BCD1D1C15440051F1DA /* StrutsProblemTests.swift */,
				EDF82BCF1D1C15440051F1DA /* Info.plist */,
			);
			path = StrutsProblemTests;
			sourceTree = "<group>";
		};
		EDF82BD71D1C15440051F1DA /* StrutsProblemUITests */ = {
			isa = PBXGroup;
			children = (
				EDF82BD81D1C15440051F1DA /* StrutsProblemUITests.swift */,
				EDF82BDA1D1C15440051F1DA /* Info.plist */,
			);
			path = StrutsProblemUITests;
			sourceTree = "<group>";
		};
/* End PBXGroup section */

/* Begin PBXNativeTarget section */
		EDF82BB41D1C15430051F1DA /* StrutsProblem */ = {
			isa = PBXNativeTarget;
			buildConfigurationList = EDF82BDD1D1C15440051F1DA /* Build configuration list for PBXNativeTarget "StrutsProblem" */;
			buildPhases = (
				EDF82BB11D1C15430051F1DA /* Sources */,
				EDF82BB21D1C15430051F1DA /* Frameworks */,
				EDF82BB31D1C15430051F1DA /* Resources */,
			);
			buildRules = (
			);
			dependencies = (
			);
			name = StrutsProblem;
			productName = StrutsProblem;
			productReference = EDF82BB51D1C15430051F1DA /* StrutsProblem.app */;
			productType = "com.apple.product-type.application";
		};
		EDF82BC81D1C15440051F1DA /* StrutsProblemTests */ = {
			isa = PBXNativeTarget;
			buildConfigurationList = EDF82BE01D1C15440051F1DA /* Build configuration list for PBXNativeTarget "StrutsProblemTests" */;
			buildPhases = (
				EDF82BC51D1C15440051F1DA /* Sources */,
				EDF82BC61D1C15440051F1DA /* Frameworks */,
				EDF82BC71D1C15440051F1DA /* Resources */,
			);
			buildRules = (
			);
			dependencies = (
				EDF82BCB1D1C15440051F1DA /* PBXTargetDependency */,
			);
			name = StrutsProblemTests;
			productName = StrutsProblemTests;
			productReference = EDF82BC91D1C15440051F1DA /* StrutsProblemTests.xctest */;
			productType = "com.apple.product-type.bundle.unit-test";
		};
		EDF82BD31D1C15440051F1DA /* StrutsProblemUITests */ = {
			isa = PBXNativeTarget;
			buildConfigurationList = EDF82BE31D1C15440051F1DA /* Build configuration list for PBXNativeTarget "StrutsProblemUITests" */;
			buildPhases = (
				EDF82BD01D1C15440051F1DA /* Sources */,
				EDF82BD11D1C15440051F1DA /* Frameworks */,
				EDF82BD21D1C15440051F1DA /* Resources */,
			);
			buildRules = (
			);
			dependencies = (
				EDF82BD61D1C15440051F1DA /* PBXTargetDependency */,
			);
			name = StrutsProblemUITests;
			productName = StrutsProblemUITests;
			productReference = EDF82BD41D1C15440051F1DA /* StrutsProblemUITests.xctest */;
			productType = "com.apple.product-type.bundle.ui-testing";
		};
/* End PBXNativeTarget section */

/* Begin PBXProject section */
		EDF82BAD1D1C15430051F1DA /* Project object */ = {
			isa = PBXProject;
			attributes = {
				LastSwiftUpdateCheck = 0730;
				LastUpgradeCheck = 0730;
				ORGANIZATIONNAME = JaysSwiftProject;
				TargetAttributes = {
					EDF82BB41D1C15430051F1DA = {
						CreatedOnToolsVersion = 7.3.1;
					};
					EDF82BC81D1C15440051F1DA = {
						CreatedOnToolsVersion = 7.3.1;
						TestTargetID = EDF82BB41D1C15430051F1DA;
					};
					EDF82BD31D1C15440051F1DA = {
						CreatedOnToolsVersion = 7.3.1;
						TestTargetID = EDF82BB41D1C15430051F1DA;
					};
				};
			};
			buildConfigurationList = EDF82BB01D1C15430051F1DA /* Build configuration list for PBXProject "StrutsProblem" */;
			compatibilityVersion = "Xcode 3.2";
			developmentRegion = English;
			hasScannedForEncodings = 0;
			knownRegions = (
				en,
				Base,
			);
			mainGroup = EDF82BAC1D1C15430051F1DA;
			productRefGroup = EDF82BB61D1C15430051F1DA /* Products */;
			projectDirPath = "";
			projectRoot = "";
			targets = (
				EDF82BB41D1C15430051F1DA /* StrutsProblem */,
				EDF82BC81D1C15440051F1DA /* StrutsProblemTests */,
				EDF82BD31D1C15440051F1DA /* StrutsProblemUITests */,
			);
		};
/* End PBXProject section */

/* Begin PBXResourcesBuildPhase section */
		EDF82BB31D1C15430051F1DA /* Resources */ = {
			isa = PBXResourcesBuildPhase;
			buildActionMask = 2147483647;
			files = (
				EDF82BC31D1C15430051F1DA /* LaunchScreen.storyboard in Resources */,
				EDF82BC01D1C15430051F1DA /* Assets.xcassets in Resources */,
				EDF82BBE1D1C15430051F1DA /* Main.storyboard in Resources */,
			);
			runOnlyForDeploymentPostprocessing = 0;
		};
		EDF82BC71D1C15440051F1DA /* Resources */ = {
			isa = PBXResourcesBuildPhase;
			buildActionMask = 2147483647;
			files = (
			);
			runOnlyForDeploymentPostprocessing = 0;
		};
		EDF82BD21D1C15440051F1DA /* Resources */ = {
			isa = PBXResourcesBuildPhase;
			buildActionMask = 2147483647;
			files = (
			);
			runOnlyForDeploymentPostprocessing = 0;
		};
/* End PBXResourcesBuildPhase section */

/* Begin PBXSourcesBuildPhase section */
		EDF82BB11D1C15430051F1DA /* Sources */ = {
			isa = PBXSourcesBuildPhase;
			buildActionMask = 2147483647;
			files = (
				EDF82BBB1D1C15430051F1DA /* ViewController.swift in Sources */,
				EDF82BB91D1C15430051F1DA /* AppDelegate.swift in Sources */,
			);
			runOnlyForDeploymentPostprocessing = 0;
		};
		EDF82BC51D1C15440051F1DA /* Sources */ = {
			isa = PBXSourcesBuildPhase;
			buildActionMask = 2147483647;
			files = (
				EDF82BCE1D1C15440051F1DA /* StrutsProblemTests.swift in Sources */,
			);
			runOnlyForDeploymentPostprocessing = 0;
		};
		EDF82BD01D1C15440051F1DA /* Sources */ = {
			isa = PBXSourcesBuildPhase;
			buildActionMask = 2147483647;
			files = (
				EDF82BD91D1C15440051F1DA /* StrutsProblemUITests.swift in Sources */,
			);
			runOnlyForDeploymentPostprocessing = 0;
		};
/* End PBXSourcesBuildPhase section */

/* Begin PBXTargetDependency section */
		EDF82BCB1D1C15440051F1DA /* PBXTargetDependency */ = {
			isa = PBXTargetDependency;
			target = EDF82BB41D1C15430051F1DA /* StrutsProblem */;
			targetProxy = EDF82BCA1D1C15440051F1DA /* PBXContainerItemProxy */;
		};
		EDF82BD61D1C15440051F1DA /* PBXTargetDependency */ = {
			isa = PBXTargetDependency;
			target = EDF82BB41D1C15430051F1DA /* StrutsProblem */;
			targetProxy = EDF82BD51D1C15440051F1DA /* PBXContainerItemProxy */;
		};
/* End PBXTargetDependency section */

/* Begin PBXVariantGroup section */
		EDF82BBC1D1C15430051F1DA /* Main.storyboard */ = {
			isa = PBXVariantGroup;
			children = (
				EDF82BBD1D1C15430051F1DA /* Base */,
			);
			name = Main.storyboard;
			sourceTree = "<group>";
		};
		EDF82BC11D1C15430051F1DA /* LaunchScreen.storyboard */ = {
			isa = PBXVariantGroup;
			children = (
				EDF82BC21D1C15430051F1DA /* Base */,
			);
			name = LaunchScreen.storyboard;
			sourceTree = "<group>";
		};
/* End PBXVariantGroup section */

/* Begin XCBuildConfiguration section */
		EDF82BDB1D1C15440051F1DA /* Debug */ = {
			isa = XCBuildConfiguration;
			buildSettings = {
				ALWAYS_SEARCH_USER_PATHS = NO;
				CLANG_ANALYZER_NONNULL = YES;
				CLANG_CXX_LANGUAGE_STANDARD = "gnu++0x";
				CLANG_CXX_LIBRARY = "libc++";
				CLANG_ENABLE_MODULES = YES;
				CLANG_ENABLE_OBJC_ARC = YES;
				CLANG_WARN_BOOL_CONVERSION = YES;
				CLANG_WARN_CONSTANT_CONVERSION = YES;
				CLANG_WARN_DIRECT_OBJC_ISA_USAGE = YES_ERROR;
				CLANG_WARN_EMPTY_BODY = YES;
				CLANG_WARN_ENUM_CONVERSION = YES;
				CLANG_WARN_INT_CONVERSION = YES;
				CLANG_WARN_OBJC_ROOT_CLASS = YES_ERROR;
				CLANG_WARN_UNREACHABLE_CODE = YES;
				CLANG_WARN__DUPLICATE_METHOD_MATCH = YES;
				"CODE_SIGN_IDENTITY[sdk=iphoneos*]" = "iPhone Developer";
				COPY_PHASE_STRIP = NO;
				DEBUG_INFORMATION_FORMAT = dwarf;
				ENABLE_STRICT_OBJC_MSGSEND = YES;
				ENABLE_TESTABILITY = YES;
				GCC_C_LANGUAGE_STANDARD = gnu99;
				GCC_DYNAMIC_NO_PIC = NO;
				GCC_NO_COMMON_BLOCKS = YES;
				GCC_OPTIMIZATION_LEVEL = 0;
				GCC_PREPROCESSOR_DEFINITIONS = (
					"DEBUG=1",
					"$(inherited)",
				);
				GCC_WARN_64_TO_32_BIT_CONVERSION = YES;
				GCC_WARN_ABOUT_RETURN_TYPE = YES_ERROR;
				GCC_WARN_UNDECLARED_SELECTOR = YES;
				GCC_WARN_UNINITIALIZED_AUTOS = YES_AGGRESSIVE;
				GCC_WARN_UNUSED_FUNCTION = YES;
				GCC_WARN_UNUSED_VARIABLE = YES;
				IPHONEOS_DEPLOYMENT_TARGET = 9.3;
				MTL_ENABLE_DEBUG_INFO = YES;
				ONLY_ACTIVE_ARCH = YES;
				SDKROOT = iphoneos;
				SWIFT_OPTIMIZATION_LEVEL = "-Onone";
			};
			name = Debug;
		};
		EDF82BDC1D1C15440051F1DA /* Release */ = {
			isa = XCBuildConfiguration;
			buildSettings = {
				ALWAYS_SEARCH_USER_PATHS = NO;
				CLANG_ANALYZER_NONNULL = YES;
				CLANG_CXX_LANGUAGE_STANDARD = "gnu++0x";
				CLANG_CXX_LIBRARY = "libc++";
				CLANG_ENABLE_MODULES = YES;
				CLANG_ENABLE_OBJC_ARC = YES;
				CLANG_WARN_BOOL_CONVERSION = YES;
				CLANG_WARN_CONSTANT_CONVERSION = YES;
				CLANG_WARN_DIRECT_OBJC_ISA_USAGE = YES_ERROR;
				CLANG_WARN_EMPTY_BODY = YES;
				CLANG_WARN_ENUM_CONVERSION = YES;
				CLANG_WARN_INT_CONVERSION = YES;
				CLANG_WARN_OBJC_ROOT_CLASS = YES_ERROR;
				CLANG_WARN_UNREACHABLE_CODE = YES;
				CLANG_WARN__DUPLICATE_METHOD_MATCH = YES;
				"CODE_SIGN_IDENTITY[sdk=iphoneos*]" = "iPhone Developer";
				COPY_PHASE_STRIP = NO;
				DEBUG_INFORMATION_FORMAT = "dwarf-with-dsym";
				ENABLE_NS_ASSERTIONS = NO;
				ENABLE_STRICT_OBJC_MSGSEND = YES;
				GCC_C_LANGUAGE_STANDARD = gnu99;
				GCC_NO_COMMON_BLOCKS = YES;
				GCC_WARN_64_TO_32_BIT_CONVERSION = YES;
				GCC_WARN_ABOUT_RETURN_TYPE = YES_ERROR;
				GCC_WARN_UNDECLARED_SELECTOR = YES;
				GCC_WARN_UNINITIALIZED_AUTOS = YES_AGGRESSIVE;
				GCC_WARN_UNUSED_FUNCTION = YES;
				GCC_WARN_UNUSED_VARIABLE = YES;
				IPHONEOS_DEPLOYMENT_TARGET = 9.3;
				MTL_ENABLE_DEBUG_INFO = NO;
				SDKROOT = iphoneos;
				VALIDATE_PRODUCT = YES;
			};
			name = Release;
		};
		EDF82BDE1D1C15440051F1DA /* Debug */ = {
			isa = XCBuildConfiguration;
			buildSettings = {
				ASSETCATALOG_COMPILER_APPICON_NAME = AppIcon;
				INFOPLIST_FILE = StrutsProblem/Info.plist;
				LD_RUNPATH_SEARCH_PATHS = "$(inherited) @executable_path/Frameworks";
				PRODUCT_BUNDLE_IDENTIFIER = com.jay.StrutsProblem;
				PRODUCT_NAME = "$(TARGET_NAME)";
			};
			name = Debug;
		};
		EDF82BDF1D1C15440051F1DA /* Release */ = {
			isa = XCBuildConfiguration;
			buildSettings = {
				ASSETCATALOG_COMPILER_APPICON_NAME = AppIcon;
				INFOPLIST_FILE = StrutsProblem/Info.plist;
				LD_RUNPATH_SEARCH_PATHS = "$(inherited) @executable_path/Frameworks";
				PRODUCT_BUNDLE_IDENTIFIER = com.jay.StrutsProblem;
				PRODUCT_NAME = "$(TARGET_NAME)";
			};
			name = Release;
		};
		EDF82BE11D1C15440051F1DA /* Debug */ = {
			isa = XCBuildConfiguration;
			buildSettings = {
				BUNDLE_LOADER = "$(TEST_HOST)";
				INFOPLIST_FILE = StrutsProblemTests/Info.plist;
				LD_RUNPATH_SEARCH_PATHS = "$(inherited) @executable_path/Frameworks @loader_path/Frameworks";
				PRODUCT_BUNDLE_IDENTIFIER = com.jay.StrutsProblemTests;
				PRODUCT_NAME = "$(TARGET_NAME)";
				TEST_HOST = "$(BUILT_PRODUCTS_DIR)/StrutsProblem.app/StrutsProblem";
			};
			name = Debug;
		};
		EDF82BE21D1C15440051F1DA /* Release */ = {
			isa = XCBuildConfiguration;
			buildSettings = {
				BUNDLE_LOADER = "$(TEST_HOST)";
				INFOPLIST_FILE = StrutsProblemTests/Info.plist;
				LD_RUNPATH_SEARCH_PATHS = "$(inherited) @executable_path/Frameworks @loader_path/Frameworks";
				PRODUCT_BUNDLE_IDENTIFIER = com.jay.StrutsProblemTests;
				PRODUCT_NAME = "$(TARGET_NAME)";
				TEST_HOST = "$(BUILT_PRODUCTS_DIR)/StrutsProblem.app/StrutsProblem";
			};
			name = Release;
		};
		EDF82BE41D1C15440051F1DA /* Debug */ = {
			isa = XCBuildConfiguration;
			buildSettings = {
				INFOPLIST_FILE = StrutsProblemUITests/Info.plist;
				LD_RUNPATH_SEARCH_PATHS = "$(inherited) @executable_path/Frameworks @loader_path/Frameworks";
				PRODUCT_BUNDLE_IDENTIFIER = com.jay.StrutsProblemUITests;
				PRODUCT_NAME = "$(TARGET_NAME)";
				TEST_TARGET_NAME = StrutsProblem;
			};
			name = Debug;
		};
		EDF82BE51D1C15440051F1DA /* Release */ = {
			isa = XCBuildConfiguration;
			buildSettings = {
				INFOPLIST_FILE = StrutsProblemUITests/Info.plist;
				LD_RUNPATH_SEARCH_PATHS = "$(inherited) @executable_path/Frameworks @loader_path/Frameworks";
				PRODUCT_BUNDLE_IDENTIFIER = com.jay.StrutsProblemUITests;
				PRODUCT_NAME = "$(TARGET_NAME)";
				TEST_TARGET_NAME = StrutsProblem;
			};
			name = Release;
		};
/* End XCBuildConfiguration section */

/* Begin XCConfigurationList section */
		EDF82BB01D1C15430051F1DA /* Build configuration list for PBXProject "StrutsProblem" */ = {
			isa = XCConfigurationList;
			buildConfigurations = (
				EDF82BDB1D1C15440051F1DA /* Debug */,
				EDF82BDC1D1C15440051F1DA /* Release */,
			);
			defaultConfigurationIsVisible = 0;
			defaultConfigurationName = Release;
		};
		EDF82BDD1D1C15440051F1DA /* Build configuration list for PBXNativeTarget "StrutsProblem" */ = {
			isa = XCConfigurationList;
			buildConfigurations = (
				EDF82BDE1D1C15440051F1DA /* Debug */,
				EDF82BDF1D1C15440051F1DA /* Release */,
			);
			defaultConfigurationIsVisible = 0;
		};
		EDF82BE01D1C15440051F1DA /* Build configuration list for PBXNativeTarget "StrutsProblemTests" */ = {
			isa = XCConfigurationList;
			buildConfigurations = (
				EDF82BE11D1C15440051F1DA /* Debug */,
				EDF82BE21D1C15440051F1DA /* Release */,
			);
			defaultConfigurationIsVisible = 0;
		};
		EDF82BE31D1C15440051F1DA /* Build configuration list for PBXNativeTarget "StrutsProblemUITests" */ = {
			isa = XCConfigurationList;
			buildConfigurations = (
				EDF82BE41D1C15440051F1DA /* Debug */,
				EDF82BE51D1C15440051F1DA /* Release */,
			);
			defaultConfigurationIsVisible = 0;
		};
/* End XCConfigurationList section */
	};
	rootObject = EDF82BAD1D1C15430051F1DA /* Project object */;
}
