// !$*UTF8*$!
{
	archiveVersion = 1;
	classes = {
	};
	objectVersion = 46;
	objects = {

/* Begin PBXBuildFile section */
		EDF82C2D1D1EB1E20051F1DA /* AppDelegate.swift in Sources */ = {isa = PBXBuildFile; fileRef = EDF82C2C1D1EB1E20051F1DA /* AppDelegate.swift */; };
		EDF82C2F1D1EB1E20051F1DA /* ViewController.swift in Sources */ = {isa = PBXBuildFile; fileRef = EDF82C2E1D1EB1E20051F1DA /* ViewController.swift */; };
		EDF82C321D1EB1E20051F1DA /* Main.storyboard in Resources */ = {isa = PBXBuildFile; fileRef = EDF82C301D1EB1E20051F1DA /* Main.storyboard */; };
		EDF82C341D1EB1E20051F1DA /* Assets.xcassets in Resources */ = {isa = PBXBuildFile; fileRef = EDF82C331D1EB1E20051F1DA /* Assets.xcassets */; };
		EDF82C371D1EB1E20051F1DA /* LaunchScreen.storyboard in Resources */ = {isa = PBXBuildFile; fileRef = EDF82C351D1EB1E20051F1DA /* LaunchScreen.storyboard */; };
		EDF82C421D1EB1E20051F1DA /* ConstraintsDemoTests.swift in Sources */ = {isa = PBXBuildFile; fileRef = EDF82C411D1EB1E20051F1DA /* ConstraintsDemoTests.swift */; };
		EDF82C4D1D1EB1E20051F1DA /* ConstraintsDemoUITests.swift in Sources */ = {isa = PBXBuildFile; fileRef = EDF82C4C1D1EB1E20051F1DA /* ConstraintsDemoUITests.swift */; };
/* End PBXBuildFile section */

/* Begin PBXContainerItemProxy section */
		EDF82C3E1D1EB1E20051F1DA /* PBXContainerItemProxy */ = {
			isa = PBXContainerItemProxy;
			containerPortal = EDF82C211D1EB1E10051F1DA /* Project object */;
			proxyType = 1;
			remoteGlobalIDString = EDF82C281D1EB1E10051F1DA;
			remoteInfo = ConstraintsDemo;
		};
		EDF82C491D1EB1E20051F1DA /* PBXContainerItemProxy */ = {
			isa = PBXContainerItemProxy;
			containerPortal = EDF82C211D1EB1E10051F1DA /* Project object */;
			proxyType = 1;
			remoteGlobalIDString = EDF82C281D1EB1E10051F1DA;
			remoteInfo = ConstraintsDemo;
		};
/* End PBXContainerItemProxy section */

/* Begin PBXFileReference section */
		EDF82C291D1EB1E10051F1DA /* ConstraintsDemo.app */ = {isa = PBXFileReference; explicitFileType = wrapper.application; includeInIndex = 0; path = ConstraintsDemo.app; sourceTree = BUILT_PRODUCTS_DIR; };
		EDF82C2C1D1EB1E20051F1DA /* AppDelegate.swift */ = {isa = PBXFileReference; lastKnownFileType = sourcecode.swift; path = AppDelegate.swift; sourceTree = "<group>"; };
		EDF82C2E1D1EB1E20051F1DA /* ViewController.swift */ = {isa = PBXFileReference; lastKnownFileType = sourcecode.swift; path = ViewController.swift; sourceTree = "<group>"; };
		EDF82C311D1EB1E20051F1DA /* Base */ = {isa = PBXFileReference; lastKnownFileType = file.storyboard; name = Base; path = Base.lproj/Main.storyboard; sourceTree = "<group>"; };
		EDF82C331D1EB1E20051F1DA /* Assets.xcassets */ = {isa = PBXFileReference; lastKnownFileType = folder.assetcatalog; path = Assets.xcassets; sourceTree = "<group>"; };
		EDF82C361D1EB1E20051F1DA /* Base */ = {isa = PBXFileReference; lastKnownFileType = file.storyboard; name = Base; path = Base.lproj/LaunchScreen.storyboard; sourceTree = "<group>"; };
		EDF82C381D1EB1E20051F1DA /* Info.plist */ = {isa = PBXFileReference; lastKnownFileType = text.plist.xml; path = Info.plist; sourceTree = "<group>"; };
		EDF82C3D1D1EB1E20051F1DA /* ConstraintsDemoTests.xctest */ = {isa = PBXFileReference; explicitFileType = wrapper.cfbundle; includeInIndex = 0; path = ConstraintsDemoTests.xctest; sourceTree = BUILT_PRODUCTS_DIR; };
		EDF82C411D1EB1E20051F1DA /* ConstraintsDemoTests.swift */ = {isa = PBXFileReference; lastKnownFileType = sourcecode.swift; path = ConstraintsDemoTests.swift; sourceTree = "<group>"; };
		EDF82C431D1EB1E20051F1DA /* Info.plist */ = {isa = PBXFileReference; lastKnownFileType = text.plist.xml; path = Info.plist; sourceTree = "<group>"; };
		EDF82C481D1EB1E20051F1DA /* ConstraintsDemoUITests.xctest */ = {isa = PBXFileReference; explicitFileType = wrapper.cfbundle; includeInIndex = 0; path = ConstraintsDemoUITests.xctest; sourceTree = BUILT_PRODUCTS_DIR; };
		EDF82C4C1D1EB1E20051F1DA /* ConstraintsDemoUITests.swift */ = {isa = PBXFileReference; lastKnownFileType = sourcecode.swift; path = ConstraintsDemoUITests.swift; sourceTree = "<group>"; };
		EDF82C4E1D1EB1E20051F1DA /* Info.plist */ = {isa = PBXFileReference; lastKnownFileType = text.plist.xml; path = Info.plist; sourceTree = "<group>"; };
/* End PBXFileReference section */

/* Begin PBXFrameworksBuildPhase section */
		EDF82C261D1EB1E10051F1DA /* Frameworks */ = {
			isa = PBXFrameworksBuildPhase;
			buildActionMask = 2147483647;
			files = (
			);
			runOnlyForDeploymentPostprocessing = 0;
		};
		EDF82C3A1D1EB1E20051F1DA /* Frameworks */ = {
			isa = PBXFrameworksBuildPhase;
			buildActionMask = 2147483647;
			files = (
			);
			runOnlyForDeploymentPostprocessing = 0;
		};
		EDF82C451D1EB1E20051F1DA /* Frameworks */ = {
			isa = PBXFrameworksBuildPhase;
			buildActionMask = 2147483647;
			files = (
			);
			runOnlyForDeploymentPostprocessing = 0;
		};
/* End PBXFrameworksBuildPhase section */

/* Begin PBXGroup section */
		EDF82C201D1EB1E10051F1DA = {
			isa = PBXGroup;
			children = (
				EDF82C2B1D1EB1E10051F1DA /* ConstraintsDemo */,
				EDF82C401D1EB1E20051F1DA /* ConstraintsDemoTests */,
				EDF82C4B1D1EB1E20051F1DA /* ConstraintsDemoUITests */,
				EDF82C2A1D1EB1E10051F1DA /* Products */,
			);
			sourceTree = "<group>";
		};
		EDF82C2A1D1EB1E10051F1DA /* Products */ = {
			isa = PBXGroup;
			children = (
				EDF82C291D1EB1E10051F1DA /* ConstraintsDemo.app */,
				EDF82C3D1D1EB1E20051F1DA /* ConstraintsDemoTests.xctest */,
				EDF82C481D1EB1E20051F1DA /* ConstraintsDemoUITests.xctest */,
			);
			name = Products;
			sourceTree = "<group>";
		};
		EDF82C2B1D1EB1E10051F1DA /* ConstraintsDemo */ = {
			isa = PBXGroup;
			children = (
				EDF82C2C1D1EB1E20051F1DA /* AppDelegate.swift */,
				EDF82C2E1D1EB1E20051F1DA /* ViewController.swift */,
				EDF82C301D1EB1E20051F1DA /* Main.storyboard */,
				EDF82C331D1EB1E20051F1DA /* Assets.xcassets */,
				EDF82C351D1EB1E20051F1DA /* LaunchScreen.storyboard */,
				EDF82C381D1EB1E20051F1DA /* Info.plist */,
			);
			path = ConstraintsDemo;
			sourceTree = "<group>";
		};
		EDF82C401D1EB1E20051F1DA /* ConstraintsDemoTests */ = {
			isa = PBXGroup;
			children = (
				EDF82C411D1EB1E20051F1DA /* ConstraintsDemoTests.swift */,
				EDF82C431D1EB1E20051F1DA /* Info.plist */,
			);
			path = ConstraintsDemoTests;
			sourceTree = "<group>";
		};
		EDF82C4B1D1EB1E20051F1DA /* ConstraintsDemoUITests */ = {
			isa = PBXGroup;
			children = (
				EDF82C4C1D1EB1E20051F1DA /* ConstraintsDemoUITests.swift */,
				EDF82C4E1D1EB1E20051F1DA /* Info.plist */,
			);
			path = ConstraintsDemoUITests;
			sourceTree = "<group>";
		};
/* End PBXGroup section */

/* Begin PBXNativeTarget section */
		EDF82C281D1EB1E10051F1DA /* ConstraintsDemo */ = {
			isa = PBXNativeTarget;
			buildConfigurationList = EDF82C511D1EB1E20051F1DA /* Build configuration list for PBXNativeTarget "ConstraintsDemo" */;
			buildPhases = (
				EDF82C251D1EB1E10051F1DA /* Sources */,
				EDF82C261D1EB1E10051F1DA /* Frameworks */,
				EDF82C271D1EB1E10051F1DA /* Resources */,
			);
			buildRules = (
			);
			dependencies = (
			);
			name = ConstraintsDemo;
			productName = ConstraintsDemo;
			productReference = EDF82C291D1EB1E10051F1DA /* ConstraintsDemo.app */;
			productType = "com.apple.product-type.application";
		};
		EDF82C3C1D1EB1E20051F1DA /* ConstraintsDemoTests */ = {
			isa = PBXNativeTarget;
			buildConfigurationList = EDF82C541D1EB1E20051F1DA /* Build configuration list for PBXNativeTarget "ConstraintsDemoTests" */;
			buildPhases = (
				EDF82C391D1EB1E20051F1DA /* Sources */,
				EDF82C3A1D1EB1E20051F1DA /* Frameworks */,
				EDF82C3B1D1EB1E20051F1DA /* Resources */,
			);
			buildRules = (
			);
			dependencies = (
				EDF82C3F1D1EB1E20051F1DA /* PBXTargetDependency */,
			);
			name = ConstraintsDemoTests;
			productName = ConstraintsDemoTests;
			productReference = EDF82C3D1D1EB1E20051F1DA /* ConstraintsDemoTests.xctest */;
			productType = "com.apple.product-type.bundle.unit-test";
		};
		EDF82C471D1EB1E20051F1DA /* ConstraintsDemoUITests */ = {
			isa = PBXNativeTarget;
			buildConfigurationList = EDF82C571D1EB1E20051F1DA /* Build configuration list for PBXNativeTarget "ConstraintsDemoUITests" */;
			buildPhases = (
				EDF82C441D1EB1E20051F1DA /* Sources */,
				EDF82C451D1EB1E20051F1DA /* Frameworks */,
				EDF82C461D1EB1E20051F1DA /* Resources */,
			);
			buildRules = (
			);
			dependencies = (
				EDF82C4A1D1EB1E20051F1DA /* PBXTargetDependency */,
			);
			name = ConstraintsDemoUITests;
			productName = ConstraintsDemoUITests;
			productReference = EDF82C481D1EB1E20051F1DA /* ConstraintsDemoUITests.xctest */;
			productType = "com.apple.product-type.bundle.ui-testing";
		};
/* End PBXNativeTarget section */

/* Begin PBXProject section */
		EDF82C211D1EB1E10051F1DA /* Project object */ = {
			isa = PBXProject;
			attributes = {
				LastSwiftUpdateCheck = 0730;
				LastUpgradeCheck = 0730;
				ORGANIZATIONNAME = JaysSwiftProject;
				TargetAttributes = {
					EDF82C281D1EB1E10051F1DA = {
						CreatedOnToolsVersion = 7.3.1;
					};
					EDF82C3C1D1EB1E20051F1DA = {
						CreatedOnToolsVersion = 7.3.1;
						TestTargetID = EDF82C281D1EB1E10051F1DA;
					};
					EDF82C471D1EB1E20051F1DA = {
						CreatedOnToolsVersion = 7.3.1;
						TestTargetID = EDF82C281D1EB1E10051F1DA;
					};
				};
			};
			buildConfigurationList = EDF82C241D1EB1E10051F1DA /* Build configuration list for PBXProject "ConstraintsDemo" */;
			compatibilityVersion = "Xcode 3.2";
			developmentRegion = English;
			hasScannedForEncodings = 0;
			knownRegions = (
				en,
				Base,
			);
			mainGroup = EDF82C201D1EB1E10051F1DA;
			productRefGroup = EDF82C2A1D1EB1E10051F1DA /* Products */;
			projectDirPath = "";
			projectRoot = "";
			targets = (
				EDF82C281D1EB1E10051F1DA /* ConstraintsDemo */,
				EDF82C3C1D1EB1E20051F1DA /* ConstraintsDemoTests */,
				EDF82C471D1EB1E20051F1DA /* ConstraintsDemoUITests */,
			);
		};
/* End PBXProject section */

/* Begin PBXResourcesBuildPhase section */
		EDF82C271D1EB1E10051F1DA /* Resources */ = {
			isa = PBXResourcesBuildPhase;
			buildActionMask = 2147483647;
			files = (
				EDF82C371D1EB1E20051F1DA /* LaunchScreen.storyboard in Resources */,
				EDF82C341D1EB1E20051F1DA /* Assets.xcassets in Resources */,
				EDF82C321D1EB1E20051F1DA /* Main.storyboard in Resources */,
			);
			runOnlyForDeploymentPostprocessing = 0;
		};
		EDF82C3B1D1EB1E20051F1DA /* Resources */ = {
			isa = PBXResourcesBuildPhase;
			buildActionMask = 2147483647;
			files = (
			);
			runOnlyForDeploymentPostprocessing = 0;
		};
		EDF82C461D1EB1E20051F1DA /* Resources */ = {
			isa = PBXResourcesBuildPhase;
			buildActionMask = 2147483647;
			files = (
			);
			runOnlyForDeploymentPostprocessing = 0;
		};
/* End PBXResourcesBuildPhase section */

/* Begin PBXSourcesBuildPhase section */
		EDF82C251D1EB1E10051F1DA /* Sources */ = {
			isa = PBXSourcesBuildPhase;
			buildActionMask = 2147483647;
			files = (
				EDF82C2F1D1EB1E20051F1DA /* ViewController.swift in Sources */,
				EDF82C2D1D1EB1E20051F1DA /* AppDelegate.swift in Sources */,
			);
			runOnlyForDeploymentPostprocessing = 0;
		};
		EDF82C391D1EB1E20051F1DA /* Sources */ = {
			isa = PBXSourcesBuildPhase;
			buildActionMask = 2147483647;
			files = (
				EDF82C421D1EB1E20051F1DA /* ConstraintsDemoTests.swift in Sources */,
			);
			runOnlyForDeploymentPostprocessing = 0;
		};
		EDF82C441D1EB1E20051F1DA /* Sources */ = {
			isa = PBXSourcesBuildPhase;
			buildActionMask = 2147483647;
			files = (
				EDF82C4D1D1EB1E20051F1DA /* ConstraintsDemoUITests.swift in Sources */,
			);
			runOnlyForDeploymentPostprocessing = 0;
		};
/* End PBXSourcesBuildPhase section */

/* Begin PBXTargetDependency section */
		EDF82C3F1D1EB1E20051F1DA /* PBXTargetDependency */ = {
			isa = PBXTargetDependency;
			target = EDF82C281D1EB1E10051F1DA /* ConstraintsDemo */;
			targetProxy = EDF82C3E1D1EB1E20051F1DA /* PBXContainerItemProxy */;
		};
		EDF82C4A1D1EB1E20051F1DA /* PBXTargetDependency */ = {
			isa = PBXTargetDependency;
			target = EDF82C281D1EB1E10051F1DA /* ConstraintsDemo */;
			targetProxy = EDF82C491D1EB1E20051F1DA /* PBXContainerItemProxy */;
		};
/* End PBXTargetDependency section */

/* Begin PBXVariantGroup section */
		EDF82C301D1EB1E20051F1DA /* Main.storyboard */ = {
			isa = PBXVariantGroup;
			children = (
				EDF82C311D1EB1E20051F1DA /* Base */,
			);
			name = Main.storyboard;
			sourceTree = "<group>";
		};
		EDF82C351D1EB1E20051F1DA /* LaunchScreen.storyboard */ = {
			isa = PBXVariantGroup;
			children = (
				EDF82C361D1EB1E20051F1DA /* Base */,
			);
			name = LaunchScreen.storyboard;
			sourceTree = "<group>";
		};
/* End PBXVariantGroup section */

/* Begin XCBuildConfiguration section */
		EDF82C4F1D1EB1E20051F1DA /* Debug */ = {
			isa = XCBuildConfiguration;
			buildSettings = {
				ALWAYS_SEARCH_USER_PATHS = NO;
				CLANG_ANALYZER_NONNULL = YES;
				CLANG_CXX_LANGUAGE_STANDARD = "gnu++0x";
				CLANG_CXX_LIBRARY = "libc++";
				CLANG_ENABLE_MODULES = YES;
				CLANG_ENABLE_OBJC_ARC = YES;
				CLANG_WARN_BOOL_CONVERSION = YES;
				CLANG_WARN_CONSTANT_CONVERSION = YES;
				CLANG_WARN_DIRECT_OBJC_ISA_USAGE = YES_ERROR;
				CLANG_WARN_EMPTY_BODY = YES;
				CLANG_WARN_ENUM_CONVERSION = YES;
				CLANG_WARN_INT_CONVERSION = YES;
				CLANG_WARN_OBJC_ROOT_CLASS = YES_ERROR;
				CLANG_WARN_UNREACHABLE_CODE = YES;
				CLANG_WARN__DUPLICATE_METHOD_MATCH = YES;
				"CODE_SIGN_IDENTITY[sdk=iphoneos*]" = "iPhone Developer";
				COPY_PHASE_STRIP = NO;
				DEBUG_INFORMATION_FORMAT = dwarf;
				ENABLE_STRICT_OBJC_MSGSEND = YES;
				ENABLE_TESTABILITY = YES;
				GCC_C_LANGUAGE_STANDARD = gnu99;
				GCC_DYNAMIC_NO_PIC = NO;
				GCC_NO_COMMON_BLOCKS = YES;
				GCC_OPTIMIZATION_LEVEL = 0;
				GCC_PREPROCESSOR_DEFINITIONS = (
					"DEBUG=1",
					"$(inherited)",
				);
				GCC_WARN_64_TO_32_BIT_CONVERSION = YES;
				GCC_WARN_ABOUT_RETURN_TYPE = YES_ERROR;
				GCC_WARN_UNDECLARED_SELECTOR = YES;
				GCC_WARN_UNINITIALIZED_AUTOS = YES_AGGRESSIVE;
				GCC_WARN_UNUSED_FUNCTION = YES;
				GCC_WARN_UNUSED_VARIABLE = YES;
				IPHONEOS_DEPLOYMENT_TARGET = 9.3;
				MTL_ENABLE_DEBUG_INFO = YES;
				ONLY_ACTIVE_ARCH = YES;
				SDKROOT = iphoneos;
				SWIFT_OPTIMIZATION_LEVEL = "-Onone";
				TARGETED_DEVICE_FAMILY = "1,2";
			};
			name = Debug;
		};
		EDF82C501D1EB1E20051F1DA /* Release */ = {
			isa = XCBuildConfiguration;
			buildSettings = {
				ALWAYS_SEARCH_USER_PATHS = NO;
				CLANG_ANALYZER_NONNULL = YES;
				CLANG_CXX_LANGUAGE_STANDARD = "gnu++0x";
				CLANG_CXX_LIBRARY = "libc++";
				CLANG_ENABLE_MODULES = YES;
				CLANG_ENABLE_OBJC_ARC = YES;
				CLANG_WARN_BOOL_CONVERSION = YES;
				CLANG_WARN_CONSTANT_CONVERSION = YES;
				CLANG_WARN_DIRECT_OBJC_ISA_USAGE = YES_ERROR;
				CLANG_WARN_EMPTY_BODY = YES;
				CLANG_WARN_ENUM_CONVERSION = YES;
				CLANG_WARN_INT_CONVERSION = YES;
				CLANG_WARN_OBJC_ROOT_CLASS = YES_ERROR;
				CLANG_WARN_UNREACHABLE_CODE = YES;
				CLANG_WARN__DUPLICATE_METHOD_MATCH = YES;
				"CODE_SIGN_IDENTITY[sdk=iphoneos*]" = "iPhone Developer";
				COPY_PHASE_STRIP = NO;
				DEBUG_INFORMATION_FORMAT = "dwarf-with-dsym";
				ENABLE_NS_ASSERTIONS = NO;
				ENABLE_STRICT_OBJC_MSGSEND = YES;
				GCC_C_LANGUAGE_STANDARD = gnu99;
				GCC_NO_COMMON_BLOCKS = YES;
				GCC_WARN_64_TO_32_BIT_CONVERSION = YES;
				GCC_WARN_ABOUT_RETURN_TYPE = YES_ERROR;
				GCC_WARN_UNDECLARED_SELECTOR = YES;
				GCC_WARN_UNINITIALIZED_AUTOS = YES_AGGRESSIVE;
				GCC_WARN_UNUSED_FUNCTION = YES;
				GCC_WARN_UNUSED_VARIABLE = YES;
				IPHONEOS_DEPLOYMENT_TARGET = 9.3;
				MTL_ENABLE_DEBUG_INFO = NO;
				SDKROOT = iphoneos;
				TARGETED_DEVICE_FAMILY = "1,2";
				VALIDATE_PRODUCT = YES;
			};
			name = Release;
		};
		EDF82C521D1EB1E20051F1DA /* Debug */ = {
			isa = XCBuildConfiguration;
			buildSettings = {
				ASSETCATALOG_COMPILER_APPICON_NAME = AppIcon;
				INFOPLIST_FILE = ConstraintsDemo/Info.plist;
				LD_RUNPATH_SEARCH_PATHS = "$(inherited) @executable_path/Frameworks";
				PRODUCT_BUNDLE_IDENTIFIER = com.jay.ConstraintsDemo;
				PRODUCT_NAME = "$(TARGET_NAME)";
			};
			name = Debug;
		};
		EDF82C531D1EB1E20051F1DA /* Release */ = {
			isa = XCBuildConfiguration;
			buildSettings = {
				ASSETCATALOG_COMPILER_APPICON_NAME = AppIcon;
				INFOPLIST_FILE = ConstraintsDemo/Info.plist;
				LD_RUNPATH_SEARCH_PATHS = "$(inherited) @executable_path/Frameworks";
				PRODUCT_BUNDLE_IDENTIFIER = com.jay.ConstraintsDemo;
				PRODUCT_NAME = "$(TARGET_NAME)";
			};
			name = Release;
		};
		EDF82C551D1EB1E20051F1DA /* Debug */ = {
			isa = XCBuildConfiguration;
			buildSettings = {
				BUNDLE_LOADER = "$(TEST_HOST)";
				INFOPLIST_FILE = ConstraintsDemoTests/Info.plist;
				LD_RUNPATH_SEARCH_PATHS = "$(inherited) @executable_path/Frameworks @loader_path/Frameworks";
				PRODUCT_BUNDLE_IDENTIFIER = com.jay.ConstraintsDemoTests;
				PRODUCT_NAME = "$(TARGET_NAME)";
				TEST_HOST = "$(BUILT_PRODUCTS_DIR)/ConstraintsDemo.app/ConstraintsDemo";
			};
			name = Debug;
		};
		EDF82C561D1EB1E20051F1DA /* Release */ = {
			isa = XCBuildConfiguration;
			buildSettings = {
				BUNDLE_LOADER = "$(TEST_HOST)";
				INFOPLIST_FILE = ConstraintsDemoTests/Info.plist;
				LD_RUNPATH_SEARCH_PATHS = "$(inherited) @executable_path/Frameworks @loader_path/Frameworks";
				PRODUCT_BUNDLE_IDENTIFIER = com.jay.ConstraintsDemoTests;
				PRODUCT_NAME = "$(TARGET_NAME)";
				TEST_HOST = "$(BUILT_PRODUCTS_DIR)/ConstraintsDemo.app/ConstraintsDemo";
			};
			name = Release;
		};
		EDF82C581D1EB1E20051F1DA /* Debug */ = {
			isa = XCBuildConfiguration;
			buildSettings = {
				INFOPLIST_FILE = ConstraintsDemoUITests/Info.plist;
				LD_RUNPATH_SEARCH_PATHS = "$(inherited) @executable_path/Frameworks @loader_path/Frameworks";
				PRODUCT_BUNDLE_IDENTIFIER = com.jay.ConstraintsDemoUITests;
				PRODUCT_NAME = "$(TARGET_NAME)";
				TEST_TARGET_NAME = ConstraintsDemo;
			};
			name = Debug;
		};
		EDF82C591D1EB1E20051F1DA /* Release */ = {
			isa = XCBuildConfiguration;
			buildSettings = {
				INFOPLIST_FILE = ConstraintsDemoUITests/Info.plist;
				LD_RUNPATH_SEARCH_PATHS = "$(inherited) @executable_path/Frameworks @loader_path/Frameworks";
				PRODUCT_BUNDLE_IDENTIFIER = com.jay.ConstraintsDemoUITests;
				PRODUCT_NAME = "$(TARGET_NAME)";
				TEST_TARGET_NAME = ConstraintsDemo;
			};
			name = Release;
		};
/* End XCBuildConfiguration section */

/* Begin XCConfigurationList section */
		EDF82C241D1EB1E10051F1DA /* Build configuration list for PBXProject "ConstraintsDemo" */ = {
			isa = XCConfigurationList;
			buildConfigurations = (
				EDF82C4F1D1EB1E20051F1DA /* Debug */,
				EDF82C501D1EB1E20051F1DA /* Release */,
			);
			defaultConfigurationIsVisible = 0;
			defaultConfigurationName = Release;
		};
		EDF82C511D1EB1E20051F1DA /* Build configuration list for PBXNativeTarget "ConstraintsDemo" */ = {
			isa = XCConfigurationList;
			buildConfigurations = (
				EDF82C521D1EB1E20051F1DA /* Debug */,
				EDF82C531D1EB1E20051F1DA /* Release */,
			);
			defaultConfigurationIsVisible = 0;
		};
		EDF82C541D1EB1E20051F1DA /* Build configuration list for PBXNativeTarget "ConstraintsDemoTests" */ = {
			isa = XCConfigurationList;
			buildConfigurations = (
				EDF82C551D1EB1E20051F1DA /* Debug */,
				EDF82C561D1EB1E20051F1DA /* Release */,
			);
			defaultConfigurationIsVisible = 0;
		};
		EDF82C571D1EB1E20051F1DA /* Build configuration list for PBXNativeTarget "ConstraintsDemoUITests" */ = {
			isa = XCConfigurationList;
			buildConfigurations = (
				EDF82C581D1EB1E20051F1DA /* Debug */,
				EDF82C591D1EB1E20051F1DA /* Release */,
			);
			defaultConfigurationIsVisible = 0;
		};
/* End XCConfigurationList section */
	};
	rootObject = EDF82C211D1EB1E10051F1DA /* Project object */;
}
